
Microsoft Visual Studio Solution File, Format Version 12.00
# Visual Studio Version 17
VisualStudioVersion = 17.8.34330.188
MinimumVisualStudioVersion = 10.0.40219.1
Project("{FAE04EC0-301F-11D3-BF4B-00C04F79EFBC}") = "LINQ_SelfStudy", "LINQ_SelfStudy\LINQ_SelfStudy.csproj", "{99339E38-749E-4006-8F74-DEABAE547998}"
EndProject
Global
	GlobalSection(SolutionConfigurationPlatforms) = preSolution
		Debug|Any CPU = Debug|Any CPU
		Release|Any CPU = Release|Any CPU
	EndGlobalSection
	GlobalSection(ProjectConfigurationPlatforms) = postSolution
		{99339E38-749E-4006-8F74-DEABAE547998}.Debug|Any CPU.ActiveCfg = Debug|Any CPU
		{99339E38-749E-4006-8F74-DEABAE547998}.Debug|Any CPU.Build.0 = Debug|Any CPU
		{99339E38-749E-4006-8F74-DEABAE547998}.Release|Any CPU.ActiveCfg = Release|Any CPU
		{99339E38-749E-4006-8F74-DEABAE547998}.Release|Any CPU.Build.0 = Release|Any CPU
	EndGlobalSection
	GlobalSection(SolutionProperties) = preSolution
		HideSolutionNode = FALSE
	EndGlobalSection
	GlobalSection(ExtensibilityGlobals) = postSolution
		SolutionGuid = {B00C047B-02FC-4BCB-9D14-B27337016E62}
	EndGlobalSection
EndGlobal
